
Microsoft Visual Studio Solution File, Format Version 12.00
# Visual Studio Version 16
VisualStudioVersion = 16.0.30204.135
MinimumVisualStudioVersion = 10.0.40219.1
Project("{FAE04EC0-301F-11D3-BF4B-00C04F79EFBC}") = "ManagerForm", "interface\ManagerForm.csproj", "{DAEFE93E-5C65-44A0-A428-490EAF9EBC73}"
EndProject
Project("{FAE04EC0-301F-11D3-BF4B-00C04F79EFBC}") = "data", "data\data.csproj", "{6062D266-58AA-4CBD-83E7-DAA31BADAB1B}"
EndProject
Global
	GlobalSection(SolutionConfigurationPlatforms) = preSolution
		Debug|Any CPU = Debug|Any CPU
		Release|Any CPU = Release|Any CPU
	EndGlobalSection
	GlobalSection(ProjectConfigurationPlatforms) = postSolution
		{DAEFE93E-5C65-44A0-A428-490EAF9EBC73}.Debug|Any CPU.ActiveCfg = Debug|Any CPU
		{DAEFE93E-5C65-44A0-A428-490EAF9EBC73}.Debug|Any CPU.Build.0 = Debug|Any CPU
		{DAEFE93E-5C65-44A0-A428-490EAF9EBC73}.Release|Any CPU.ActiveCfg = Release|Any CPU
		{DAEFE93E-5C65-44A0-A428-490EAF9EBC73}.Release|Any CPU.Build.0 = Release|Any CPU
		{6062D266-58AA-4CBD-83E7-DAA31BADAB1B}.Debug|Any CPU.ActiveCfg = Debug|Any CPU
		{6062D266-58AA-4CBD-83E7-DAA31BADAB1B}.Debug|Any CPU.Build.0 = Debug|Any CPU
		{6062D266-58AA-4CBD-83E7-DAA31BADAB1B}.Release|Any CPU.ActiveCfg = Release|Any CPU
		{6062D266-58AA-4CBD-83E7-DAA31BADAB1B}.Release|Any CPU.Build.0 = Release|Any CPU
	EndGlobalSection
	GlobalSection(SolutionProperties) = preSolution
		HideSolutionNode = FALSE
	EndGlobalSection
	GlobalSection(ExtensibilityGlobals) = postSolution
		SolutionGuid = {1EE8D7C0-274C-4C20-9F05-F2067BC3A2E8}
	EndGlobalSection
EndGlobal
